
Microsoft Visual Studio Solution File, Format Version 12.00
# Visual Studio 2012
Project("{FAE04EC0-301F-11D3-BF4B-00C04F79EFBC}") = "Moley, Heaven to Hell", "Moley, Heaven to Hell.csproj", "{9CF66BE5-B1E6-4F4B-A83F-E7BF20BAB8DE}"
EndProject
Global
	GlobalSection(SolutionConfigurationPlatforms) = preSolution
		Debug|Any CPU = Debug|Any CPU
		Release|Any CPU = Release|Any CPU
	EndGlobalSection
	GlobalSection(ProjectConfigurationPlatforms) = postSolution
		{9CF66BE5-B1E6-4F4B-A83F-E7BF20BAB8DE}.Debug|Any CPU.ActiveCfg = Debug|Any CPU
		{9CF66BE5-B1E6-4F4B-A83F-E7BF20BAB8DE}.Debug|Any CPU.Build.0 = Debug|Any CPU
		{9CF66BE5-B1E6-4F4B-A83F-E7BF20BAB8DE}.Release|Any CPU.ActiveCfg = Release|Any CPU
		{9CF66BE5-B1E6-4F4B-A83F-E7BF20BAB8DE}.Release|Any CPU.Build.0 = Release|Any CPU
	EndGlobalSection
	GlobalSection(SolutionProperties) = preSolution
		HideSolutionNode = FALSE
	EndGlobalSection
EndGlobal
